
Microsoft Visual Studio Solution File, Format Version 12.00
# Visual Studio Version 17
VisualStudioVersion = 17.0.31903.59
MinimumVisualStudioVersion = 10.0.40219.1
Project("{FAE04EC0-301F-11D3-BF4B-00C04F79EFBC}") = "BooberBreakfast.Contracts", "BooberBreakfast.Contracts\BooberBreakfast.Contracts.csproj", "{61390211-034C-409C-9023-F1AD17D5A592}"
EndProject
Project("{FAE04EC0-301F-11D3-BF4B-00C04F79EFBC}") = "BooberBreakfast", "BooberBreakfast\BooberBreakfast.csproj", "{0FD53C2B-E7BB-498C-BBC6-6BDE8592C389}"
EndProject
Global
	GlobalSection(SolutionConfigurationPlatforms) = preSolution
		Debug|Any CPU = Debug|Any CPU
		Release|Any CPU = Release|Any CPU
	EndGlobalSection
	GlobalSection(SolutionProperties) = preSolution
		HideSolutionNode = FALSE
	EndGlobalSection
	GlobalSection(ProjectConfigurationPlatforms) = postSolution
		{61390211-034C-409C-9023-F1AD17D5A592}.Debug|Any CPU.ActiveCfg = Debug|Any CPU
		{61390211-034C-409C-9023-F1AD17D5A592}.Debug|Any CPU.Build.0 = Debug|Any CPU
		{61390211-034C-409C-9023-F1AD17D5A592}.Release|Any CPU.ActiveCfg = Release|Any CPU
		{61390211-034C-409C-9023-F1AD17D5A592}.Release|Any CPU.Build.0 = Release|Any CPU
		{0FD53C2B-E7BB-498C-BBC6-6BDE8592C389}.Debug|Any CPU.ActiveCfg = Debug|Any CPU
		{0FD53C2B-E7BB-498C-BBC6-6BDE8592C389}.Debug|Any CPU.Build.0 = Debug|Any CPU
		{0FD53C2B-E7BB-498C-BBC6-6BDE8592C389}.Release|Any CPU.ActiveCfg = Release|Any CPU
		{0FD53C2B-E7BB-498C-BBC6-6BDE8592C389}.Release|Any CPU.Build.0 = Release|Any CPU
	EndGlobalSection
EndGlobal
